
Microsoft Visual Studio Solution File, Format Version 12.00
# Visual Studio Version 17
VisualStudioVersion = 17.5.002.0
MinimumVisualStudioVersion = 10.0.40219.1
Project("{9A19103F-16F7-4668-BE54-9A1E7A4F7556}") = "BTK", "BTK.csproj", "{4E2F9002-C91A-472E-B720-97F94083DA92}"
EndProject
Global
	GlobalSection(SolutionConfigurationPlatforms) = preSolution
		Debug|Any CPU = Debug|Any CPU
		Release|Any CPU = Release|Any CPU
	EndGlobalSection
	GlobalSection(ProjectConfigurationPlatforms) = postSolution
		{4E2F9002-C91A-472E-B720-97F94083DA92}.Debug|Any CPU.ActiveCfg = Debug|Any CPU
		{4E2F9002-C91A-472E-B720-97F94083DA92}.Debug|Any CPU.Build.0 = Debug|Any CPU
		{4E2F9002-C91A-472E-B720-97F94083DA92}.Release|Any CPU.ActiveCfg = Release|Any CPU
		{4E2F9002-C91A-472E-B720-97F94083DA92}.Release|Any CPU.Build.0 = Release|Any CPU
	EndGlobalSection
	GlobalSection(SolutionProperties) = preSolution
		HideSolutionNode = FALSE
	EndGlobalSection
	GlobalSection(ExtensibilityGlobals) = postSolution
		SolutionGuid = {1524C69B-6CD4-4865-959C-A88B6A138D1A}
	EndGlobalSection
EndGlobal
